<?xml version="1.0" encoding="utf-8"?>
<Project ToolsVersion="4.0" xmlns="http://schemas.microsoft.com/developer/msbuild/2003">
  <ItemGroup>
    <ClCompile Include="..\Code\Game\main.cpp" />
    <ClCompile Include="..\Code\Common\Filesystem.cpp" />
  </ItemGroup>
  <ItemGroup>
    <None Include="packages.config" />
    <None Include="Content\Floor.glb">
      <Filter>Content</Filter>
    </None>
    <None Include="Content\Monke.glb">
      <Filter>Content</Filter>
    </None>
    <None Include="Scenes\monke.xscn">
      <Filter>Scenes</Filter>
    </None>
    <None Include="Materials\Floor.xmat">
      <Filter>Materials</Filter>
    </None>
    <None Include="Materials\Monke.xmat">
      <Filter>Materials</Filter>
    </None>
    <None Include="Scripts\SpinMonke.lua">
      <Filter>Scripts</Filter>
    </None>
    <None Include="Scripts\CameraController.lua">
      <Filter>Scripts</Filter>
    </None>
  </ItemGroup>
  <ItemGroup>
    <Filter Include="Content">
      <UniqueIdentifier>{6d48e27d-7dd2-41c5-8efc-c9e00b65b1d3}</UniqueIdentifier>
    </Filter>
    <Filter Include="Scenes">
      <UniqueIdentifier>{eaba92f2-e34e-48ab-8fd8-246a4500f4f6}</UniqueIdentifier>
    </Filter>
    <Filter Include="Materials">
      <UniqueIdentifier>{8c426eb4-8a60-4676-9c24-91bf57712f3e}</UniqueIdentifier>
    </Filter>
    <Filter Include="Scripts">
      <UniqueIdentifier>{23319f89-c7bd-41ce-91ee-9ddbe8f4fb1f}</UniqueIdentifier>
    </Filter>
  </ItemGroup>
  <ItemGroup>
    <Image Include="Content\checkerboard.dds">
      <Filter>Content</Filter>
    </Image>
    <Image Include="Content\Gold_Albedo.dds">
      <Filter>Content</Filter>
    </Image>
    <Image Include="Content\Gold_Metallic.dds">
      <Filter>Content</Filter>
    </Image>
    <Image Include="Content\Gold_Normal.dds">
      <Filter>Content</Filter>
    </Image>
    <Image Include="Content\Gold_Roughness.dds">
      <Filter>Content</Filter>
    </Image>
    <Image Include="Content\Metal_Albedo.dds">
      <Filter>Content</Filter>
    </Image>
    <Image Include="Content\Metal_Metallic.dds">
      <Filter>Content</Filter>
    </Image>
    <Image Include="Content\Metal_Normal.dds">
      <Filter>Content</Filter>
    </Image>
    <Image Include="Content\Metal_Roughness.dds">
      <Filter>Content</Filter>
    </Image>
  </ItemGroup>
</Project>