<?xml version="1.0" encoding="utf-8"?>
<Project ToolsVersion="4.0" xmlns="http://schemas.microsoft.com/developer/msbuild/2003">
  <ItemGroup>
    <ClCompile Include="..\Code\Engine\Game.cpp">
      <Filter>Source</Filter>
    </ClCompile>
    <ClCompile Include="..\Code\Engine\Renderer.cpp">
      <Filter>Source</Filter>
    </ClCompile>
    <ClCompile Include="..\Code\Vendor\imgui\imgui.cpp">
      <Filter>Vendor\imgui</Filter>
    </ClCompile>
    <ClCompile Include="..\Code\Vendor\imgui\imgui_demo.cpp">
      <Filter>Vendor\imgui</Filter>
    </ClCompile>
    <ClCompile Include="..\Code\Vendor\imgui\imgui_draw.cpp">
      <Filter>Vendor\imgui</Filter>
    </ClCompile>
    <ClCompile Include="..\Code\Vendor\imgui\imgui_tables.cpp">
      <Filter>Vendor\imgui</Filter>
    </ClCompile>
    <ClCompile Include="..\Code\Vendor\imgui\imgui_widgets.cpp">
      <Filter>Vendor\imgui</Filter>
    </ClCompile>
    <ClCompile Include="..\Code\Vendor\imgui\backends\imgui_impl_dx11.cpp">
      <Filter>Vendor\imgui</Filter>
    </ClCompile>
    <ClCompile Include="..\Code\Vendor\imgui\backends\imgui_impl_win32.cpp">
      <Filter>Vendor\imgui</Filter>
    </ClCompile>
    <ClCompile Include="..\Code\Engine\Material.cpp">
      <Filter>Source</Filter>
    </ClCompile>
    <ClCompile Include="..\Code\Engine\Mesh.cpp">
      <Filter>Source</Filter>
    </ClCompile>
    <ClCompile Include="..\Code\Engine\Model.cpp">
      <Filter>Source</Filter>
    </ClCompile>
    <ClCompile Include="..\Code\Engine\Camera.cpp">
      <Filter>Source</Filter>
    </ClCompile>
    <ClCompile Include="..\Code\Vendor\ufbx.c">
      <Filter>Vendor</Filter>
    </ClCompile>
    <ClCompile Include="..\Code\Engine\GenericLoader.cpp">
      <Filter>Source</Filter>
    </ClCompile>
    <ClCompile Include="..\Code\Engine\FBXLoader.cpp">
      <Filter>Source</Filter>
    </ClCompile>
    <ClCompile Include="..\Code\Engine\RasterizerState.cpp">
      <Filter>Source</Filter>
    </ClCompile>
    <ClCompile Include="..\Code\Engine\DevConsole.cpp">
      <Filter>Source</Filter>
    </ClCompile>
    <ClCompile Include="..\Code\Engine\Clock.cpp">
      <Filter>Source</Filter>
    </ClCompile>
    <ClCompile Include="..\Code\Engine\Texture.cpp">
      <Filter>Source</Filter>
    </ClCompile>
    <ClCompile Include="..\Code\Engine\Shader.cpp">
      <Filter>Source</Filter>
    </ClCompile>
    <ClCompile Include="..\Code\Engine\PostProcessSystem.cpp">
      <Filter>Source</Filter>
    </ClCompile>
    <ClCompile Include="..\Code\Engine\TonemapEffect.cpp">
      <Filter>Source\PostProcessing</Filter>
    </ClCompile>
    <ClCompile Include="..\Code\Engine\ColorGradeEffect.cpp">
      <Filter>Source\PostProcessing</Filter>
    </ClCompile>
    <ClCompile Include="..\Code\Engine\RenderSystem.cpp">
      <Filter>Source</Filter>
    </ClCompile>
    <ClCompile Include="..\Code\Engine\ModelComponent.cpp">
      <Filter>Source\Components</Filter>
    </ClCompile>
    <ClCompile Include="..\Code\Engine\TransformComponent.cpp">
      <Filter>Source\Components</Filter>
    </ClCompile>
  </ItemGroup>
  <ItemGroup>
    <ClInclude Include="..\Code\Engine\Game.hpp">
      <Filter>Source</Filter>
    </ClInclude>
    <ClInclude Include="..\Code\Engine\Platform.hpp">
      <Filter>Source</Filter>
    </ClInclude>
    <ClInclude Include="..\Code\Engine\D3D.hpp">
      <Filter>Source</Filter>
    </ClInclude>
    <ClInclude Include="..\Code\Engine\Renderer.hpp">
      <Filter>Source</Filter>
    </ClInclude>
    <ClInclude Include="..\Code\Engine\Volatile.hpp">
      <Filter>Source</Filter>
    </ClInclude>
    <ClInclude Include="..\Code\Vendor\imgui\imconfig.h">
      <Filter>Vendor\imgui</Filter>
    </ClInclude>
    <ClInclude Include="..\Code\Vendor\imgui\imgui.h">
      <Filter>Vendor\imgui</Filter>
    </ClInclude>
    <ClInclude Include="..\Code\Vendor\imgui\imgui_internal.h">
      <Filter>Vendor\imgui</Filter>
    </ClInclude>
    <ClInclude Include="..\Code\Vendor\imgui\imstb_rectpack.h">
      <Filter>Vendor\imgui</Filter>
    </ClInclude>
    <ClInclude Include="..\Code\Vendor\imgui\imstb_textedit.h">
      <Filter>Vendor\imgui</Filter>
    </ClInclude>
    <ClInclude Include="..\Code\Vendor\imgui\imstb_truetype.h">
      <Filter>Vendor\imgui</Filter>
    </ClInclude>
    <ClInclude Include="..\Code\Vendor\imgui\backends\imgui_impl_dx11.h">
      <Filter>Vendor\imgui</Filter>
    </ClInclude>
    <ClInclude Include="..\Code\Vendor\imgui\backends\imgui_impl_win32.h">
      <Filter>Vendor\imgui</Filter>
    </ClInclude>
    <ClInclude Include="..\Code\Engine\DebugUI.hpp">
      <Filter>Source</Filter>
    </ClInclude>
    <ClInclude Include="..\Code\Engine\ComponentManager.hpp">
      <Filter>Source</Filter>
    </ClInclude>
    <ClInclude Include="..\Code\Engine\EntityId.hpp">
      <Filter>Source</Filter>
    </ClInclude>
    <ClInclude Include="..\Code\Engine\GameState.hpp">
      <Filter>Source</Filter>
    </ClInclude>
    <ClInclude Include="..\Code\Engine\Lights.hpp">
      <Filter>Source</Filter>
    </ClInclude>
    <ClInclude Include="..\Code\Engine\Resource.hpp">
      <Filter>Source</Filter>
    </ClInclude>
    <ClInclude Include="..\Code\Engine\TransformMatrices.hpp">
      <Filter>Source</Filter>
    </ClInclude>
    <ClInclude Include="..\Code\Engine\GeometryBuffer.hpp">
      <Filter>Source</Filter>
    </ClInclude>
    <ClInclude Include="..\Code\Engine\Material.hpp">
      <Filter>Source</Filter>
    </ClInclude>
    <ClInclude Include="..\Code\Engine\InputLayouts.hpp">
      <Filter>Source</Filter>
    </ClInclude>
    <ClInclude Include="..\Code\Engine\Mesh.hpp">
      <Filter>Source</Filter>
    </ClInclude>
    <ClInclude Include="..\Code\Engine\Model.hpp">
      <Filter>Source</Filter>
    </ClInclude>
    <ClInclude Include="..\Code\Engine\Camera.hpp">
      <Filter>Source</Filter>
    </ClInclude>
    <ClInclude Include="..\Code\Engine\Math.hpp">
      <Filter>Source</Filter>
    </ClInclude>
    <ClInclude Include="..\Code\Vendor\assimp\Compiler\poppack1.h">
      <Filter>Vendor\assimp</Filter>
    </ClInclude>
    <ClInclude Include="..\Code\Vendor\assimp\Compiler\pstdint.h">
      <Filter>Vendor\assimp</Filter>
    </ClInclude>
    <ClInclude Include="..\Code\Vendor\assimp\Compiler\pushpack1.h">
      <Filter>Vendor\assimp</Filter>
    </ClInclude>
    <ClInclude Include="..\Code\Vendor\assimp\port\AndroidJNI\AndroidJNIIOSystem.h">
      <Filter>Vendor\assimp</Filter>
    </ClInclude>
    <ClInclude Include="..\Code\Vendor\assimp\port\AndroidJNI\BundledAssetIOSystem.h">
      <Filter>Vendor\assimp</Filter>
    </ClInclude>
    <ClInclude Include="..\Code\Vendor\assimp\aabb.h">
      <Filter>Vendor\assimp</Filter>
    </ClInclude>
    <ClInclude Include="..\Code\Vendor\assimp\ai_assert.h">
      <Filter>Vendor\assimp</Filter>
    </ClInclude>
    <ClInclude Include="..\Code\Vendor\assimp\anim.h">
      <Filter>Vendor\assimp</Filter>
    </ClInclude>
    <ClInclude Include="..\Code\Vendor\assimp\AssertHandler.h">
      <Filter>Vendor\assimp</Filter>
    </ClInclude>
    <ClInclude Include="..\Code\Vendor\assimp\Base64.hpp">
      <Filter>Vendor\assimp</Filter>
    </ClInclude>
    <ClInclude Include="..\Code\Vendor\assimp\BaseImporter.h">
      <Filter>Vendor\assimp</Filter>
    </ClInclude>
    <ClInclude Include="..\Code\Vendor\assimp\Bitmap.h">
      <Filter>Vendor\assimp</Filter>
    </ClInclude>
    <ClInclude Include="..\Code\Vendor\assimp\BlobIOSystem.h">
      <Filter>Vendor\assimp</Filter>
    </ClInclude>
    <ClInclude Include="..\Code\Vendor\assimp\ByteSwapper.h">
      <Filter>Vendor\assimp</Filter>
    </ClInclude>
    <ClInclude Include="..\Code\Vendor\assimp\camera.h">
      <Filter>Vendor\assimp</Filter>
    </ClInclude>
    <ClInclude Include="..\Code\Vendor\assimp\cexport.h">
      <Filter>Vendor\assimp</Filter>
    </ClInclude>
    <ClInclude Include="..\Code\Vendor\assimp\cfileio.h">
      <Filter>Vendor\assimp</Filter>
    </ClInclude>
    <ClInclude Include="..\Code\Vendor\assimp\cimport.h">
      <Filter>Vendor\assimp</Filter>
    </ClInclude>
    <ClInclude Include="..\Code\Vendor\assimp\ColladaMetaData.h">
      <Filter>Vendor\assimp</Filter>
    </ClInclude>
    <ClInclude Include="..\Code\Vendor\assimp\color4.h">
      <Filter>Vendor\assimp</Filter>
    </ClInclude>
    <ClInclude Include="..\Code\Vendor\assimp\commonMetaData.h">
      <Filter>Vendor\assimp</Filter>
    </ClInclude>
    <ClInclude Include="..\Code\Vendor\assimp\CreateAnimMesh.h">
      <Filter>Vendor\assimp</Filter>
    </ClInclude>
    <ClInclude Include="..\Code\Vendor\assimp\DefaultIOStream.h">
      <Filter>Vendor\assimp</Filter>
    </ClInclude>
    <ClInclude Include="..\Code\Vendor\assimp\DefaultIOSystem.h">
      <Filter>Vendor\assimp</Filter>
    </ClInclude>
    <ClInclude Include="..\Code\Vendor\assimp\DefaultLogger.hpp">
      <Filter>Vendor\assimp</Filter>
    </ClInclude>
    <ClInclude Include="..\Code\Vendor\assimp\defs.h">
      <Filter>Vendor\assimp</Filter>
    </ClInclude>
    <ClInclude Include="..\Code\Vendor\assimp\Exceptional.h">
      <Filter>Vendor\assimp</Filter>
    </ClInclude>
    <ClInclude Include="..\Code\Vendor\assimp\Exporter.hpp">
      <Filter>Vendor\assimp</Filter>
    </ClInclude>
    <ClInclude Include="..\Code\Vendor\assimp\fast_atof.h">
      <Filter>Vendor\assimp</Filter>
    </ClInclude>
    <ClInclude Include="..\Code\Vendor\assimp\GenericProperty.h">
      <Filter>Vendor\assimp</Filter>
    </ClInclude>
    <ClInclude Include="..\Code\Vendor\assimp\GltfMaterial.h">
      <Filter>Vendor\assimp</Filter>
    </ClInclude>
    <ClInclude Include="..\Code\Vendor\assimp\Hash.h">
      <Filter>Vendor\assimp</Filter>
    </ClInclude>
    <ClInclude Include="..\Code\Vendor\assimp\Importer.hpp">
      <Filter>Vendor\assimp</Filter>
    </ClInclude>
    <ClInclude Include="..\Code\Vendor\assimp\importerdesc.h">
      <Filter>Vendor\assimp</Filter>
    </ClInclude>
    <ClInclude Include="..\Code\Vendor\assimp\IOStream.hpp">
      <Filter>Vendor\assimp</Filter>
    </ClInclude>
    <ClInclude Include="..\Code\Vendor\assimp\IOStreamBuffer.h">
      <Filter>Vendor\assimp</Filter>
    </ClInclude>
    <ClInclude Include="..\Code\Vendor\assimp\IOSystem.hpp">
      <Filter>Vendor\assimp</Filter>
    </ClInclude>
    <ClInclude Include="..\Code\Vendor\assimp\light.h">
      <Filter>Vendor\assimp</Filter>
    </ClInclude>
    <ClInclude Include="..\Code\Vendor\assimp\LineSplitter.h">
      <Filter>Vendor\assimp</Filter>
    </ClInclude>
    <ClInclude Include="..\Code\Vendor\assimp\LogAux.h">
      <Filter>Vendor\assimp</Filter>
    </ClInclude>
    <ClInclude Include="..\Code\Vendor\assimp\Logger.hpp">
      <Filter>Vendor\assimp</Filter>
    </ClInclude>
    <ClInclude Include="..\Code\Vendor\assimp\LogStream.hpp">
      <Filter>Vendor\assimp</Filter>
    </ClInclude>
    <ClInclude Include="..\Code\Vendor\assimp\material.h">
      <Filter>Vendor\assimp</Filter>
    </ClInclude>
    <ClInclude Include="..\Code\Vendor\assimp\MathFunctions.h">
      <Filter>Vendor\assimp</Filter>
    </ClInclude>
    <ClInclude Include="..\Code\Vendor\assimp\matrix3x3.h">
      <Filter>Vendor\assimp</Filter>
    </ClInclude>
    <ClInclude Include="..\Code\Vendor\assimp\matrix4x4.h">
      <Filter>Vendor\assimp</Filter>
    </ClInclude>
    <ClInclude Include="..\Code\Vendor\assimp\MemoryIOWrapper.h">
      <Filter>Vendor\assimp</Filter>
    </ClInclude>
    <ClInclude Include="..\Code\Vendor\assimp\mesh.h">
      <Filter>Vendor\assimp</Filter>
    </ClInclude>
    <ClInclude Include="..\Code\Vendor\assimp\metadata.h">
      <Filter>Vendor\assimp</Filter>
    </ClInclude>
    <ClInclude Include="..\Code\Vendor\assimp\NullLogger.hpp">
      <Filter>Vendor\assimp</Filter>
    </ClInclude>
    <ClInclude Include="..\Code\Vendor\assimp\ObjMaterial.h">
      <Filter>Vendor\assimp</Filter>
    </ClInclude>
    <ClInclude Include="..\Code\Vendor\assimp\ParsingUtils.h">
      <Filter>Vendor\assimp</Filter>
    </ClInclude>
    <ClInclude Include="..\Code\Vendor\assimp\pbrmaterial.h">
      <Filter>Vendor\assimp</Filter>
    </ClInclude>
    <ClInclude Include="..\Code\Vendor\assimp\postprocess.h">
      <Filter>Vendor\assimp</Filter>
    </ClInclude>
    <ClInclude Include="..\Code\Vendor\assimp\Profiler.h">
      <Filter>Vendor\assimp</Filter>
    </ClInclude>
    <ClInclude Include="..\Code\Vendor\assimp\ProgressHandler.hpp">
      <Filter>Vendor\assimp</Filter>
    </ClInclude>
    <ClInclude Include="..\Code\Vendor\assimp\qnan.h">
      <Filter>Vendor\assimp</Filter>
    </ClInclude>
    <ClInclude Include="..\Code\Vendor\assimp\quaternion.h">
      <Filter>Vendor\assimp</Filter>
    </ClInclude>
    <ClInclude Include="..\Code\Vendor\assimp\RemoveComments.h">
      <Filter>Vendor\assimp</Filter>
    </ClInclude>
    <ClInclude Include="..\Code\Vendor\assimp\scene.h">
      <Filter>Vendor\assimp</Filter>
    </ClInclude>
    <ClInclude Include="..\Code\Vendor\assimp\SceneCombiner.h">
      <Filter>Vendor\assimp</Filter>
    </ClInclude>
    <ClInclude Include="..\Code\Vendor\assimp\SGSpatialSort.h">
      <Filter>Vendor\assimp</Filter>
    </ClInclude>
    <ClInclude Include="..\Code\Vendor\assimp\SkeletonMeshBuilder.h">
      <Filter>Vendor\assimp</Filter>
    </ClInclude>
    <ClInclude Include="..\Code\Vendor\assimp\SmallVector.h">
      <Filter>Vendor\assimp</Filter>
    </ClInclude>
    <ClInclude Include="..\Code\Vendor\assimp\SmoothingGroups.h">
      <Filter>Vendor\assimp</Filter>
    </ClInclude>
    <ClInclude Include="..\Code\Vendor\assimp\SpatialSort.h">
      <Filter>Vendor\assimp</Filter>
    </ClInclude>
    <ClInclude Include="..\Code\Vendor\assimp\StandardShapes.h">
      <Filter>Vendor\assimp</Filter>
    </ClInclude>
    <ClInclude Include="..\Code\Vendor\assimp\StreamReader.h">
      <Filter>Vendor\assimp</Filter>
    </ClInclude>
    <ClInclude Include="..\Code\Vendor\assimp\StreamWriter.h">
      <Filter>Vendor\assimp</Filter>
    </ClInclude>
    <ClInclude Include="..\Code\Vendor\assimp\StringComparison.h">
      <Filter>Vendor\assimp</Filter>
    </ClInclude>
    <ClInclude Include="..\Code\Vendor\assimp\StringUtils.h">
      <Filter>Vendor\assimp</Filter>
    </ClInclude>
    <ClInclude Include="..\Code\Vendor\assimp\Subdivision.h">
      <Filter>Vendor\assimp</Filter>
    </ClInclude>
    <ClInclude Include="..\Code\Vendor\assimp\texture.h">
      <Filter>Vendor\assimp</Filter>
    </ClInclude>
    <ClInclude Include="..\Code\Vendor\assimp\TinyFormatter.h">
      <Filter>Vendor\assimp</Filter>
    </ClInclude>
    <ClInclude Include="..\Code\Vendor\assimp\types.h">
      <Filter>Vendor\assimp</Filter>
    </ClInclude>
    <ClInclude Include="..\Code\Vendor\assimp\vector2.h">
      <Filter>Vendor\assimp</Filter>
    </ClInclude>
    <ClInclude Include="..\Code\Vendor\assimp\vector3.h">
      <Filter>Vendor\assimp</Filter>
    </ClInclude>
    <ClInclude Include="..\Code\Vendor\assimp\version.h">
      <Filter>Vendor\assimp</Filter>
    </ClInclude>
    <ClInclude Include="..\Code\Vendor\assimp\Vertex.h">
      <Filter>Vendor\assimp</Filter>
    </ClInclude>
    <ClInclude Include="..\Code\Vendor\assimp\XmlParser.h">
      <Filter>Vendor\assimp</Filter>
    </ClInclude>
    <ClInclude Include="..\Code\Vendor\assimp\XMLTools.h">
      <Filter>Vendor\assimp</Filter>
    </ClInclude>
    <ClInclude Include="..\Code\Vendor\assimp\ZipArchiveIOSystem.h">
      <Filter>Vendor\assimp</Filter>
    </ClInclude>
    <ClInclude Include="..\Code\Vendor\assimp\config.h">
      <Filter>Vendor\assimp</Filter>
    </ClInclude>
    <ClInclude Include="..\Code\Vendor\assimp\revision.h">
      <Filter>Vendor\assimp</Filter>
    </ClInclude>
    <ClInclude Include="..\Code\Vendor\json.hpp">
      <Filter>Vendor</Filter>
    </ClInclude>
    <ClInclude Include="..\Code\Vendor\stb_image.h">
      <Filter>Vendor</Filter>
    </ClInclude>
    <ClInclude Include="..\Code\Vendor\stb_image_write.h">
      <Filter>Vendor</Filter>
    </ClInclude>
    <ClInclude Include="..\Code\Vendor\ufbx.h">
      <Filter>Vendor</Filter>
    </ClInclude>
    <ClInclude Include="..\Code\Engine\FBXLoader.hpp">
      <Filter>Source</Filter>
    </ClInclude>
    <ClInclude Include="..\Code\Engine\GenericLoader.hpp">
      <Filter>Source</Filter>
    </ClInclude>
    <ClInclude Include="..\Code\Engine\RasterizerState.hpp">
      <Filter>Source</Filter>
    </ClInclude>
    <ClInclude Include="..\Code\Engine\DevConsole.hpp">
      <Filter>Source</Filter>
    </ClInclude>
    <ClInclude Include="..\Code\Vendor\JetBrainsMono.h">
      <Filter>Vendor</Filter>
    </ClInclude>
    <ClInclude Include="..\Code\Engine\Clock.hpp">
      <Filter>Source</Filter>
    </ClInclude>
    <ClInclude Include="..\Code\Engine\Texture.hpp">
      <Filter>Source</Filter>
    </ClInclude>
    <ClInclude Include="..\Code\Vendor\SearchTex.h">
      <Filter>Vendor</Filter>
    </ClInclude>
    <ClInclude Include="..\Code\Vendor\AreaTex.h">
      <Filter>Vendor</Filter>
    </ClInclude>
    <ClInclude Include="..\Code\Engine\Shader.hpp">
      <Filter>Source</Filter>
    </ClInclude>
    <ClInclude Include="..\Code\Engine\PostProcessSystem.hpp">
      <Filter>Source</Filter>
    </ClInclude>
    <ClInclude Include="..\Code\Engine\ComputeEffect.hpp">
      <Filter>Source</Filter>
    </ClInclude>
    <ClInclude Include="..\Code\Engine\TonemapEffect.hpp">
      <Filter>Source\PostProcessing</Filter>
    </ClInclude>
    <ClInclude Include="..\Code\Engine\ColorGradeEffect.hpp">
      <Filter>Source\PostProcessing</Filter>
    </ClInclude>
    <ClInclude Include="..\Code\Engine\RenderSystem.hpp">
      <Filter>Source</Filter>
    </ClInclude>
    <ClInclude Include="..\Code\Engine\ModelComponent.hpp">
      <Filter>Source\Components</Filter>
    </ClInclude>
    <ClInclude Include="..\Code\Engine\TransformComponent.hpp">
      <Filter>Source\Components</Filter>
    </ClInclude>
  </ItemGroup>
  <ItemGroup>
    <Filter Include="Configuration">
      <UniqueIdentifier>{57ffd4ac-0031-46b1-b409-46637101cc01}</UniqueIdentifier>
    </Filter>
    <Filter Include="Source">
      <UniqueIdentifier>{01cdf2d7-8bb1-4298-90dc-123af75cc1d4}</UniqueIdentifier>
    </Filter>
    <Filter Include="Shaders">
      <UniqueIdentifier>{960c4d23-da7a-42f4-8ef5-89e1f70ae9d5}</UniqueIdentifier>
    </Filter>
    <Filter Include="Shaders\Source">
      <UniqueIdentifier>{5fad7bf5-c246-4163-bbf4-d7be55eb78ef}</UniqueIdentifier>
    </Filter>
    <Filter Include="Shaders\Header">
      <UniqueIdentifier>{eb318049-0f7a-43c9-95e1-a7a47af40547}</UniqueIdentifier>
    </Filter>
    <Filter Include="Vendor">
      <UniqueIdentifier>{4be642d8-f331-4454-8314-bf7e5673b354}</UniqueIdentifier>
    </Filter>
    <Filter Include="Vendor\imgui">
      <UniqueIdentifier>{4425b333-79ff-4c5f-b9b7-b1d2bd467c44}</UniqueIdentifier>
    </Filter>
    <Filter Include="Vendor\assimp">
      <UniqueIdentifier>{5410eaed-8296-475b-a9cd-d7d847acaec5}</UniqueIdentifier>
    </Filter>
    <Filter Include="Content">
      <UniqueIdentifier>{83111351-af2e-4cbb-83cb-63ae4b490e84}</UniqueIdentifier>
    </Filter>
    <Filter Include="Source\PostProcessing">
      <UniqueIdentifier>{f240dd6b-0ca8-478c-98ab-a48c626ebfb5}</UniqueIdentifier>
    </Filter>
    <Filter Include="Source\Components">
      <UniqueIdentifier>{1ea51b91-db66-4830-888d-dc7a38a49efd}</UniqueIdentifier>
    </Filter>
  </ItemGroup>
  <ItemGroup>
    <None Include="Shaders\Source\IO.hlsli">
      <Filter>Shaders\Source</Filter>
    </None>
    <None Include="..\Code\Vendor\assimp\color4.inl">
      <Filter>Vendor\assimp</Filter>
    </None>
    <None Include="..\Code\Vendor\assimp\config.h.in">
      <Filter>Vendor\assimp</Filter>
    </None>
    <None Include="..\Code\Vendor\assimp\material.inl">
      <Filter>Vendor\assimp</Filter>
    </None>
    <None Include="..\Code\Vendor\assimp\matrix3x3.inl">
      <Filter>Vendor\assimp</Filter>
    </None>
    <None Include="..\Code\Vendor\assimp\matrix4x4.inl">
      <Filter>Vendor\assimp</Filter>
    </None>
    <None Include="..\Code\Vendor\assimp\module.modulemap">
      <Filter>Vendor\assimp</Filter>
    </None>
    <None Include="..\Code\Vendor\assimp\quaternion.inl">
      <Filter>Vendor\assimp</Filter>
    </None>
    <None Include="..\Code\Vendor\assimp\revision.h.in">
      <Filter>Vendor\assimp</Filter>
    </None>
    <None Include="..\Code\Vendor\assimp\SmoothingGroups.inl">
      <Filter>Vendor\assimp</Filter>
    </None>
    <None Include="..\Code\Vendor\assimp\vector2.inl">
      <Filter>Vendor\assimp</Filter>
    </None>
    <None Include="..\Code\Vendor\assimp\vector3.inl">
      <Filter>Vendor\assimp</Filter>
    </None>
    <None Include="Shaders\Source\Common.hlsli">
      <Filter>Shaders\Source</Filter>
    </None>
    <None Include="Shaders\Source\Phong.hlsl">
      <Filter>Shaders\Source</Filter>
    </None>
    <None Include="packages.config" />
    <None Include="Shaders\Source\PBR_TexMaps.hlsl">
      <Filter>Shaders\Source</Filter>
    </None>
    <None Include="Content\Monke.glb">
      <Filter>Content</Filter>
    </None>
    <None Include="Shaders\Source\ScreenTexture.hlsl">
      <Filter>Shaders\Source</Filter>
    </None>
    <None Include="Shaders\Source\Tonemap.hlsl">
      <Filter>Shaders\Source</Filter>
    </None>
    <None Include="..\Code\Vendor\SMAA.hlsl">
      <Filter>Vendor</Filter>
    </None>
    <None Include="Shaders\Source\ColorGrade.hlsl">
      <Filter>Shaders\Source</Filter>
    </None>
    <None Include="Content\Floor.glb">
      <Filter>Content</Filter>
    </None>
    <None Include="Shaders\Source\ShadowPass.hlsl">
      <Filter>Shaders\Source</Filter>
    </None>
  </ItemGroup>
  <ItemGroup>
    <Image Include="Content\checkerboard.dds">
      <Filter>Content</Filter>
    </Image>
    <Image Include="Content\Metal_Albedo.dds">
      <Filter>Content</Filter>
    </Image>
    <Image Include="Content\Metal_Metallic.dds">
      <Filter>Content</Filter>
    </Image>
    <Image Include="Content\Metal_Normal.dds">
      <Filter>Content</Filter>
    </Image>
    <Image Include="Content\Metal_Roughness.dds">
      <Filter>Content</Filter>
    </Image>
    <Image Include="Content\Gold_Roughness.dds">
      <Filter>Content</Filter>
    </Image>
    <Image Include="Content\Gold_Normal.dds">
      <Filter>Content</Filter>
    </Image>
    <Image Include="Content\Gold_Metallic.dds">
      <Filter>Content</Filter>
    </Image>
    <Image Include="Content\Gold_Albedo.dds">
      <Filter>Content</Filter>
    </Image>
  </ItemGroup>
</Project>