<?xml version="1.0" encoding="utf-8"?>
<Project ToolsVersion="4.0" xmlns="http://schemas.microsoft.com/developer/msbuild/2003">
  <ItemGroup>
    <ClCompile Include="..\Code\Engine\Game.cpp">
      <Filter>Source</Filter>
    </ClCompile>
    <ClCompile Include="..\Code\Engine\Renderer.cpp">
      <Filter>Source</Filter>
    </ClCompile>
    <ClCompile Include="..\Code\Engine\RenderSystem.cpp">
      <Filter>Source</Filter>
    </ClCompile>
    <ClCompile Include="..\Code\Vendor\imgui\imgui.cpp">
      <Filter>Vendor\imgui</Filter>
    </ClCompile>
    <ClCompile Include="..\Code\Vendor\imgui\imgui_demo.cpp">
      <Filter>Vendor\imgui</Filter>
    </ClCompile>
    <ClCompile Include="..\Code\Vendor\imgui\imgui_draw.cpp">
      <Filter>Vendor\imgui</Filter>
    </ClCompile>
    <ClCompile Include="..\Code\Vendor\imgui\imgui_tables.cpp">
      <Filter>Vendor\imgui</Filter>
    </ClCompile>
    <ClCompile Include="..\Code\Vendor\imgui\imgui_widgets.cpp">
      <Filter>Vendor\imgui</Filter>
    </ClCompile>
    <ClCompile Include="..\Code\Vendor\imgui\backends\imgui_impl_dx11.cpp">
      <Filter>Vendor\imgui</Filter>
    </ClCompile>
    <ClCompile Include="..\Code\Vendor\imgui\backends\imgui_impl_win32.cpp">
      <Filter>Vendor\imgui</Filter>
    </ClCompile>
    <ClCompile Include="..\Code\Engine\Shader.cpp">
      <Filter>Source</Filter>
    </ClCompile>
    <ClCompile Include="..\Code\Engine\TransformComponent.cpp">
      <Filter>Source</Filter>
    </ClCompile>
  </ItemGroup>
  <ItemGroup>
    <ClInclude Include="..\Code\Engine\Game.hpp">
      <Filter>Source</Filter>
    </ClInclude>
    <ClInclude Include="..\Code\Engine\Platform.hpp">
      <Filter>Source</Filter>
    </ClInclude>
    <ClInclude Include="..\Code\Engine\D3D.hpp">
      <Filter>Source</Filter>
    </ClInclude>
    <ClInclude Include="..\Code\Engine\Renderer.hpp">
      <Filter>Source</Filter>
    </ClInclude>
    <ClInclude Include="..\Code\Engine\RenderSystem.hpp">
      <Filter>Source</Filter>
    </ClInclude>
    <ClInclude Include="..\Code\Engine\Volatile.hpp">
      <Filter>Source</Filter>
    </ClInclude>
    <ClInclude Include="..\Code\Vendor\imgui\imconfig.h">
      <Filter>Vendor\imgui</Filter>
    </ClInclude>
    <ClInclude Include="..\Code\Vendor\imgui\imgui.h">
      <Filter>Vendor\imgui</Filter>
    </ClInclude>
    <ClInclude Include="..\Code\Vendor\imgui\imgui_internal.h">
      <Filter>Vendor\imgui</Filter>
    </ClInclude>
    <ClInclude Include="..\Code\Vendor\imgui\imstb_rectpack.h">
      <Filter>Vendor\imgui</Filter>
    </ClInclude>
    <ClInclude Include="..\Code\Vendor\imgui\imstb_textedit.h">
      <Filter>Vendor\imgui</Filter>
    </ClInclude>
    <ClInclude Include="..\Code\Vendor\imgui\imstb_truetype.h">
      <Filter>Vendor\imgui</Filter>
    </ClInclude>
    <ClInclude Include="..\Code\Vendor\imgui\backends\imgui_impl_dx11.h">
      <Filter>Vendor\imgui</Filter>
    </ClInclude>
    <ClInclude Include="..\Code\Vendor\imgui\backends\imgui_impl_win32.h">
      <Filter>Vendor\imgui</Filter>
    </ClInclude>
    <ClInclude Include="..\Code\Engine\DebugUI.hpp">
      <Filter>Source</Filter>
    </ClInclude>
    <ClInclude Include="..\Code\Engine\Shader.hpp">
      <Filter>Source</Filter>
    </ClInclude>
    <ClInclude Include="..\Code\Engine\ComponentManager.hpp">
      <Filter>Source</Filter>
    </ClInclude>
    <ClInclude Include="..\Code\Engine\EntityId.hpp">
      <Filter>Source</Filter>
    </ClInclude>
    <ClInclude Include="..\Code\Engine\GameState.hpp">
      <Filter>Source</Filter>
    </ClInclude>
    <ClInclude Include="..\Code\Engine\Lights.hpp">
      <Filter>Source</Filter>
    </ClInclude>
    <ClInclude Include="..\Code\Engine\Resource.hpp">
      <Filter>Source</Filter>
    </ClInclude>
    <ClInclude Include="..\Code\Engine\TransformComponent.hpp">
      <Filter>Source</Filter>
    </ClInclude>
    <ClInclude Include="..\Code\Engine\TransformMatrices.hpp">
      <Filter>Source</Filter>
    </ClInclude>
  </ItemGroup>
  <ItemGroup>
    <Filter Include="Configuration">
      <UniqueIdentifier>{57ffd4ac-0031-46b1-b409-46637101cc01}</UniqueIdentifier>
    </Filter>
    <Filter Include="Source">
      <UniqueIdentifier>{01cdf2d7-8bb1-4298-90dc-123af75cc1d4}</UniqueIdentifier>
    </Filter>
    <Filter Include="Shaders">
      <UniqueIdentifier>{960c4d23-da7a-42f4-8ef5-89e1f70ae9d5}</UniqueIdentifier>
    </Filter>
    <Filter Include="Shaders\Source">
      <UniqueIdentifier>{5fad7bf5-c246-4163-bbf4-d7be55eb78ef}</UniqueIdentifier>
    </Filter>
    <Filter Include="Shaders\Header">
      <UniqueIdentifier>{eb318049-0f7a-43c9-95e1-a7a47af40547}</UniqueIdentifier>
    </Filter>
    <Filter Include="Vendor">
      <UniqueIdentifier>{4be642d8-f331-4454-8314-bf7e5673b354}</UniqueIdentifier>
    </Filter>
    <Filter Include="Vendor\imgui">
      <UniqueIdentifier>{4425b333-79ff-4c5f-b9b7-b1d2bd467c44}</UniqueIdentifier>
    </Filter>
  </ItemGroup>
  <ItemGroup>
    <None Include="Shaders\Source\Triangle.hlsl">
      <Filter>Shaders\Source</Filter>
    </None>
  </ItemGroup>
</Project>